
Microsoft Visual Studio Solution File, Format Version 12.00
# Visual Studio Version 16
VisualStudioVersion = 16.0.30804.86
MinimumVisualStudioVersion = 10.0.40219.1
Project("{FAE04EC0-301F-11D3-BF4B-00C04F79EFBC}") = "CandidateTest_BE_TrayanKarastoyanov", "CandidateTest_BE_TrayanKarastoyanov\CandidateTest_BE_TrayanKarastoyanov.csproj", "{B49C069F-08BA-4689-8AD8-DB9DC5FD8CAD}"
EndProject
Global
	GlobalSection(SolutionConfigurationPlatforms) = preSolution
		Debug|Any CPU = Debug|Any CPU
		Release|Any CPU = Release|Any CPU
	EndGlobalSection
	GlobalSection(ProjectConfigurationPlatforms) = postSolution
		{B49C069F-08BA-4689-8AD8-DB9DC5FD8CAD}.Debug|Any CPU.ActiveCfg = Debug|Any CPU
		{B49C069F-08BA-4689-8AD8-DB9DC5FD8CAD}.Debug|Any CPU.Build.0 = Debug|Any CPU
		{B49C069F-08BA-4689-8AD8-DB9DC5FD8CAD}.Release|Any CPU.ActiveCfg = Release|Any CPU
		{B49C069F-08BA-4689-8AD8-DB9DC5FD8CAD}.Release|Any CPU.Build.0 = Release|Any CPU
	EndGlobalSection
	GlobalSection(SolutionProperties) = preSolution
		HideSolutionNode = FALSE
	EndGlobalSection
	GlobalSection(ExtensibilityGlobals) = postSolution
		SolutionGuid = {7B04BEC5-BA9B-4C84-BC63-708B484CA7FA}
	EndGlobalSection
EndGlobal
